
Microsoft Visual Studio Solution File, Format Version 12.00
# Visual Studio 2013
VisualStudioVersion = 12.0.31101.0
MinimumVisualStudioVersion = 10.0.40219.1
Project("{FAE04EC0-301F-11D3-BF4B-00C04F79EFBC}") = "MarryMe", "MarryMe\MarryMe.csproj", "{8D7E2472-F391-4BD6-9C92-002C16B40FC2}"
EndProject
Project("{FAE04EC0-301F-11D3-BF4B-00C04F79EFBC}") = "MarryMe.Model", "MarryMe.Model\MarryMe.Model.csproj", "{AFA8CF87-496D-4FA1-BF2B-FC05C36EB31A}"
EndProject
Project("{2150E333-8FDC-42A3-9474-1A3956D46DE8}") = ".nuget", ".nuget", "{B1D6B2C8-7F80-45BB-B75D-369DAF48BB12}"
	ProjectSection(SolutionItems) = preProject
		.nuget\NuGet.Config = .nuget\NuGet.Config
		.nuget\NuGet.exe = .nuget\NuGet.exe
		.nuget\NuGet.targets = .nuget\NuGet.targets
	EndProjectSection
EndProject
Project("{2150E333-8FDC-42A3-9474-1A3956D46DE8}") = "Test", "Test", "{F36E2BE7-EA93-4B0D-8B40-35AF45E2FE74}"
EndProject
Project("{FAE04EC0-301F-11D3-BF4B-00C04F79EFBC}") = "MerryMe.Model.Test", "MerryMe.Model.Test\MerryMe.Model.Test.csproj", "{285594F6-16CB-46F8-82BF-2BE4C11E1E0D}"
EndProject
Global
	GlobalSection(SolutionConfigurationPlatforms) = preSolution
		Debug|Any CPU = Debug|Any CPU
		Release|Any CPU = Release|Any CPU
	EndGlobalSection
	GlobalSection(ProjectConfigurationPlatforms) = postSolution
		{8D7E2472-F391-4BD6-9C92-002C16B40FC2}.Debug|Any CPU.ActiveCfg = Debug|Any CPU
		{8D7E2472-F391-4BD6-9C92-002C16B40FC2}.Debug|Any CPU.Build.0 = Debug|Any CPU
		{8D7E2472-F391-4BD6-9C92-002C16B40FC2}.Release|Any CPU.ActiveCfg = Release|Any CPU
		{8D7E2472-F391-4BD6-9C92-002C16B40FC2}.Release|Any CPU.Build.0 = Release|Any CPU
		{AFA8CF87-496D-4FA1-BF2B-FC05C36EB31A}.Debug|Any CPU.ActiveCfg = Debug|Any CPU
		{AFA8CF87-496D-4FA1-BF2B-FC05C36EB31A}.Debug|Any CPU.Build.0 = Debug|Any CPU
		{AFA8CF87-496D-4FA1-BF2B-FC05C36EB31A}.Release|Any CPU.ActiveCfg = Release|Any CPU
		{AFA8CF87-496D-4FA1-BF2B-FC05C36EB31A}.Release|Any CPU.Build.0 = Release|Any CPU
		{285594F6-16CB-46F8-82BF-2BE4C11E1E0D}.Debug|Any CPU.ActiveCfg = Debug|Any CPU
		{285594F6-16CB-46F8-82BF-2BE4C11E1E0D}.Debug|Any CPU.Build.0 = Debug|Any CPU
		{285594F6-16CB-46F8-82BF-2BE4C11E1E0D}.Release|Any CPU.ActiveCfg = Release|Any CPU
		{285594F6-16CB-46F8-82BF-2BE4C11E1E0D}.Release|Any CPU.Build.0 = Release|Any CPU
	EndGlobalSection
	GlobalSection(SolutionProperties) = preSolution
		HideSolutionNode = FALSE
	EndGlobalSection
	GlobalSection(NestedProjects) = preSolution
		{285594F6-16CB-46F8-82BF-2BE4C11E1E0D} = {F36E2BE7-EA93-4B0D-8B40-35AF45E2FE74}
	EndGlobalSection
EndGlobal
